
Microsoft Visual Studio Solution File, Format Version 12.00
# Visual Studio Version 17
VisualStudioVersion = 17.6.33815.320
MinimumVisualStudioVersion = 10.0.40219.1
Project("{FAE04EC0-301F-11D3-BF4B-00C04F79EFBC}") = "ScreenSound", "ScreenSound\ScreenSound.csproj", "{315FD4A2-38F3-4E8A-BBB2-1B48FDAB3033}"
EndProject
Global
	GlobalSection(SolutionConfigurationPlatforms) = preSolution
		Debug|Any CPU = Debug|Any CPU
		Release|Any CPU = Release|Any CPU
	EndGlobalSection
	GlobalSection(ProjectConfigurationPlatforms) = postSolution
		{315FD4A2-38F3-4E8A-BBB2-1B48FDAB3033}.Debug|Any CPU.ActiveCfg = Debug|Any CPU
		{315FD4A2-38F3-4E8A-BBB2-1B48FDAB3033}.Debug|Any CPU.Build.0 = Debug|Any CPU
		{315FD4A2-38F3-4E8A-BBB2-1B48FDAB3033}.Release|Any CPU.ActiveCfg = Release|Any CPU
		{315FD4A2-38F3-4E8A-BBB2-1B48FDAB3033}.Release|Any CPU.Build.0 = Release|Any CPU
	EndGlobalSection
	GlobalSection(SolutionProperties) = preSolution
		HideSolutionNode = FALSE
	EndGlobalSection
	GlobalSection(ExtensibilityGlobals) = postSolution
		SolutionGuid = {8BCE0545-D134-49AD-ACCD-4DE4993D05B6}
	EndGlobalSection
EndGlobal
